
Microsoft Visual Studio Solution File, Format Version 12.00
# Visual Studio Version 16
VisualStudioVersion = 16.0.30503.244
MinimumVisualStudioVersion = 10.0.40219.1
Project("{FAE04EC0-301F-11D3-BF4B-00C04F79EFBC}") = "spice", "spice\spice.csproj", "{99B2B89B-3FDE-4722-B520-E85A7CA39CF1}"
EndProject
Global
	GlobalSection(SolutionConfigurationPlatforms) = preSolution
		Debug|Any CPU = Debug|Any CPU
		Release|Any CPU = Release|Any CPU
	EndGlobalSection
	GlobalSection(ProjectConfigurationPlatforms) = postSolution
		{99B2B89B-3FDE-4722-B520-E85A7CA39CF1}.Debug|Any CPU.ActiveCfg = Debug|Any CPU
		{99B2B89B-3FDE-4722-B520-E85A7CA39CF1}.Debug|Any CPU.Build.0 = Debug|Any CPU
		{99B2B89B-3FDE-4722-B520-E85A7CA39CF1}.Release|Any CPU.ActiveCfg = Release|Any CPU
		{99B2B89B-3FDE-4722-B520-E85A7CA39CF1}.Release|Any CPU.Build.0 = Release|Any CPU
	EndGlobalSection
	GlobalSection(SolutionProperties) = preSolution
		HideSolutionNode = FALSE
	EndGlobalSection
	GlobalSection(ExtensibilityGlobals) = postSolution
		SolutionGuid = {3F9C2D7C-86CA-44DF-B8F7-BA46700DF692}
	EndGlobalSection
EndGlobal
